<?xml version="1.0" encoding="utf-8"?>
<Project ToolsVersion="4.0" xmlns="http://schemas.microsoft.com/developer/msbuild/2003">
  <ItemGroup>
    <Filter Include="Base">
      <UniqueIdentifier>{4FC737F1-C7A5-4376-A066-2A32D752A2FF}</UniqueIdentifier>
      <Extensions>cpp;c;cc;cxx;c++;cppm;ixx;def;odl;idl;hpj;bat;asm;asmx</Extensions>
    </Filter>
    <Filter Include="Base\Engine">
      <UniqueIdentifier>{5b7d25aa-d9b8-4751-b181-4c5c928cb583}</UniqueIdentifier>
    </Filter>
    <Filter Include="Base\Core">
      <UniqueIdentifier>{3a16d58e-27f7-40a7-9a4d-b6d56882e004}</UniqueIdentifier>
    </Filter>
    <Filter Include="Base\Window">
      <UniqueIdentifier>{ad856644-b48a-495c-b57c-4a22ac42e103}</UniqueIdentifier>
    </Filter>
    <Filter Include="Driver">
      <UniqueIdentifier>{20de2f80-6cde-4458-a0d6-16f1acfa5f38}</UniqueIdentifier>
    </Filter>
    <Filter Include="Base\Log">
      <UniqueIdentifier>{47224339-ad97-471c-8471-0cf4dbd3a96c}</UniqueIdentifier>
    </Filter>
    <Filter Include="Base\Events">
      <UniqueIdentifier>{01eeac50-a442-489c-a37b-88650f7cc2e8}</UniqueIdentifier>
    </Filter>
    <Filter Include="Systems">
      <UniqueIdentifier>{9f7ed829-1b51-4d75-bdf6-050a2aada3c6}</UniqueIdentifier>
    </Filter>
    <Filter Include="Systems\Graphics">
      <UniqueIdentifier>{deed45ec-f2d9-4a53-9111-eb557eebccbe}</UniqueIdentifier>
    </Filter>
    <Filter Include="Systems\Graphics\Rendering">
      <UniqueIdentifier>{31ffb793-5e50-46f0-8a27-40e80492e280}</UniqueIdentifier>
    </Filter>
    <Filter Include="Systems\Graphics\Vertex">
      <UniqueIdentifier>{3a5f4260-059b-425f-a763-6d8921ae41dd}</UniqueIdentifier>
    </Filter>
    <Filter Include="Systems\Collision">
      <UniqueIdentifier>{6e372a0b-db17-48e0-b9e8-464493dd0328}</UniqueIdentifier>
    </Filter>
    <Filter Include="Components">
      <UniqueIdentifier>{e49c78f9-4b7f-4d4b-9412-bbeb276543d8}</UniqueIdentifier>
    </Filter>
    <Filter Include="Base\Engine\EntityManager">
      <UniqueIdentifier>{37481db5-2278-4d92-a062-8206f0c05bc2}</UniqueIdentifier>
    </Filter>
    <Filter Include="Base\Engine\Entity">
      <UniqueIdentifier>{9e30e515-4fc3-499a-af41-c75a909e2623}</UniqueIdentifier>
    </Filter>
    <Filter Include="Base\Engine\System">
      <UniqueIdentifier>{9328deda-c9f9-4a88-ac42-fe26d028823b}</UniqueIdentifier>
    </Filter>
    <Filter Include="Base\Engine\Component">
      <UniqueIdentifier>{f4049d17-9dcc-49fa-bd43-3e209d45e88e}</UniqueIdentifier>
    </Filter>
    <Filter Include="Base\Math">
      <UniqueIdentifier>{52b38f07-a2cf-4c4b-9cd4-cabf09bb0199}</UniqueIdentifier>
    </Filter>
    <Filter Include="Base\Input">
      <UniqueIdentifier>{3be70421-1fec-4319-a60e-07b2bde27077}</UniqueIdentifier>
    </Filter>
    <Filter Include="Systems\Graphics\Texture">
      <UniqueIdentifier>{82e1bcb8-ddf6-43f7-a458-b8250507c453}</UniqueIdentifier>
    </Filter>
    <Filter Include="Systems\Graphics\Graphics">
      <UniqueIdentifier>{401611d1-6698-4ef1-bda5-c71d25108e94}</UniqueIdentifier>
    </Filter>
    <Filter Include="Base\Engine\Prefabs">
      <UniqueIdentifier>{29af717c-8cd5-4369-b7ae-7b87274f3abf}</UniqueIdentifier>
    </Filter>
    <Filter Include="ImGui">
      <UniqueIdentifier>{e713601b-d03d-4421-b717-4d73f7d42bff}</UniqueIdentifier>
    </Filter>
    <Filter Include="ImGuiWrapper">
      <UniqueIdentifier>{a056624c-34d5-4173-b4cf-cc9379fd1dfe}</UniqueIdentifier>
    </Filter>
    <Filter Include="Base\Precompiled">
      <UniqueIdentifier>{dceb7503-c773-46a9-96a1-0d89f219a984}</UniqueIdentifier>
    </Filter>
  </ItemGroup>
  <ItemGroup>
    <ClInclude Include="Src\Game2\Application.h">
      <Filter>Base\Core</Filter>
    </ClInclude>
    <ClInclude Include="Src\Game2\pch.h">
      <Filter>Base\Precompiled</Filter>
    </ClInclude>
    <ClInclude Include="Src\Game2\WindowsWindow.h">
      <Filter>Base\Window</Filter>
    </ClInclude>
    <ClInclude Include="Src\Game2\Window.h">
      <Filter>Base\Window</Filter>
    </ClInclude>
    <ClInclude Include="Src\Game2\Main.h">
      <Filter>Driver</Filter>
    </ClInclude>
    <ClInclude Include="Src\Game2\Collision.h">
      <Filter>Systems\Collision</Filter>
    </ClInclude>
    <ClInclude Include="Src\Game2\Renderer.h">
      <Filter>Systems\Graphics\Rendering</Filter>
    </ClInclude>
    <ClInclude Include="Src\Game2\IndexBuffer.h">
      <Filter>Systems\Graphics\Rendering</Filter>
    </ClInclude>
    <ClInclude Include="Src\Game2\Shader.h">
      <Filter>Systems\Graphics\Rendering</Filter>
    </ClInclude>
    <ClInclude Include="Src\Game2\VertexArray.h">
      <Filter>Systems\Graphics\Vertex</Filter>
    </ClInclude>
    <ClInclude Include="Src\Game2\VertexBuffer.h">
      <Filter>Systems\Graphics\Vertex</Filter>
    </ClInclude>
    <ClInclude Include="Src\Game2\VertexBufferLayout.h">
      <Filter>Systems\Graphics\Vertex</Filter>
    </ClInclude>
    <ClInclude Include="Src\Game2\Logger.h">
      <Filter>Base\Log</Filter>
    </ClInclude>
    <ClInclude Include="Src\Game2\AppEvent.h">
      <Filter>Base\Events</Filter>
    </ClInclude>
    <ClInclude Include="Src\Game2\Event.h">
      <Filter>Base\Events</Filter>
    </ClInclude>
    <ClInclude Include="Src\Game2\InputEvent.h">
      <Filter>Base\Events</Filter>
    </ClInclude>
    <ClInclude Include="Src\Game2\EngineTypes.h">
      <Filter>Base\Engine</Filter>
    </ClInclude>
    <ClInclude Include="Src\Game2\EntityManager.h">
      <Filter>Base\Engine\EntityManager</Filter>
    </ClInclude>
    <ClInclude Include="Src\Game2\Entity.h">
      <Filter>Base\Engine\Entity</Filter>
    </ClInclude>
    <ClInclude Include="Src\Game2\System.h">
      <Filter>Base\Engine\System</Filter>
    </ClInclude>
    <ClInclude Include="Src\Game2\Component.h">
      <Filter>Base\Engine\Component</Filter>
    </ClInclude>
    <ClInclude Include="Src\Game2\KeyCodes.h">
      <Filter>Base\Input</Filter>
    </ClInclude>
    <ClInclude Include="Src\Game2\MouseButtonCodes.h">
      <Filter>Base\Input</Filter>
    </ClInclude>
    <ClInclude Include="Src\Game2\Input.h">
      <Filter>Base\Input</Filter>
    </ClInclude>
    <ClInclude Include="Src\Game2\TestSystem.h">
      <Filter>Base\Engine\System</Filter>
    </ClInclude>
    <ClInclude Include="Src\Game2\PositionComponent.h">
      <Filter>Components</Filter>
    </ClInclude>
    <ClInclude Include="Src\Game2\Texture.h">
      <Filter>Systems\Graphics\Texture</Filter>
    </ClInclude>
    <ClInclude Include="Src\Game2\Graphics.h">
      <Filter>Systems\Graphics\Graphics</Filter>
    </ClInclude>
    <ClInclude Include="Src\Game2\SystemsManager.h">
      <Filter>Base\Engine\System</Filter>
    </ClInclude>
    <ClInclude Include="Src\Game2\Prefab.h">
      <Filter>Base\Engine\Prefabs</Filter>
    </ClInclude>
    <ClInclude Include="Src\Game2\Core.h">
      <Filter>Base\Core</Filter>
    </ClInclude>
    <ClInclude Include="Src\Game2\TransformComponent.h">
      <Filter>Components</Filter>
    </ClInclude>
    <ClInclude Include="Src\Game2\CollisionComponent.h">
      <Filter>Components</Filter>
    </ClInclude>
    <ClInclude Include="Src\Game2\imconfig.h">
      <Filter>ImGui</Filter>
    </ClInclude>
    <ClInclude Include="Src\Game2\imgui.h">
      <Filter>ImGui</Filter>
    </ClInclude>
    <ClInclude Include="Src\Game2\imgui_internal.h">
      <Filter>ImGui</Filter>
    </ClInclude>
    <ClInclude Include="Src\Game2\imstb_textedit.h">
      <Filter>ImGui</Filter>
    </ClInclude>
    <ClInclude Include="Src\Game2\imstb_rectpack.h">
      <Filter>ImGui</Filter>
    </ClInclude>
    <ClInclude Include="Src\Game2\imstb_truetype.h">
      <Filter>ImGui</Filter>
    </ClInclude>
    <ClInclude Include="Src\Game2\ImGuiWrapper.h">
      <Filter>ImGuiWrapper</Filter>
    </ClInclude>
    <ClInclude Include="Src\Game2\imgui_impl_opengl3.h">
      <Filter>ImGuiWrapper</Filter>
    </ClInclude>
    <ClInclude Include="Src\Game2\LogFileWriter.h">
      <Filter>Base\Log</Filter>
    </ClInclude>
  </ItemGroup>
  <ItemGroup>
    <ClCompile Include="Src\Game2\Application(Core).cpp">
      <Filter>Base\Core</Filter>
    </ClCompile>
    <ClCompile Include="Src\Game2\WindowsWindow.cpp">
      <Filter>Base\Window</Filter>
    </ClCompile>
    <ClCompile Include="Src\Game2\pch.cpp">
      <Filter>Base\Precompiled</Filter>
    </ClCompile>
    <ClCompile Include="Src\Game2\Collision.cpp">
      <Filter>Systems\Collision</Filter>
    </ClCompile>
    <ClCompile Include="Src\Game2\Renderer.cpp">
      <Filter>Systems\Graphics\Rendering</Filter>
    </ClCompile>
    <ClCompile Include="Src\Game2\IndexBuffer.cpp">
      <Filter>Systems\Graphics\Rendering</Filter>
    </ClCompile>
    <ClCompile Include="Src\Game2\Shader.cpp">
      <Filter>Systems\Graphics\Rendering</Filter>
    </ClCompile>
    <ClCompile Include="Src\Game2\VertexArray.cpp">
      <Filter>Systems\Graphics\Vertex</Filter>
    </ClCompile>
    <ClCompile Include="Src\Game2\VertexBuffer.cpp">
      <Filter>Systems\Graphics\Vertex</Filter>
    </ClCompile>
    <ClCompile Include="Src\Game2\Logger.cpp">
      <Filter>Base\Log</Filter>
    </ClCompile>
    <ClCompile Include="Src\Game2\EntityManager.cpp">
      <Filter>Base\Engine\EntityManager</Filter>
    </ClCompile>
    <ClCompile Include="Src\Game2\Entity.cpp">
      <Filter>Base\Engine\Entity</Filter>
    </ClCompile>
    <ClCompile Include="Src\Game2\Input.cpp">
      <Filter>Base\Input</Filter>
    </ClCompile>
    <ClCompile Include="Src\Game2\Graphics.cpp">
      <Filter>Systems\Graphics\Graphics</Filter>
    </ClCompile>
    <ClCompile Include="Src\Game2\Texture.cpp">
      <Filter>Base\Engine\System</Filter>
    </ClCompile>
    <ClCompile Include="Src\Game2\Texture.cpp">
      <Filter>Systems\Graphics\Texture</Filter>
    </ClCompile>
    <ClCompile Include="Src\Game2\imgui.cpp">
      <Filter>ImGui</Filter>
    </ClCompile>
    <ClCompile Include="Src\Game2\imgui_demo.cpp">
      <Filter>ImGui</Filter>
    </ClCompile>
    <ClCompile Include="Src\Game2\imgui_draw.cpp">
      <Filter>ImGui</Filter>
    </ClCompile>
    <ClCompile Include="Src\Game2\imgui_tables.cpp">
      <Filter>ImGui</Filter>
    </ClCompile>
    <ClCompile Include="Src\Game2\imgui_widgets.cpp">
      <Filter>ImGui</Filter>
    </ClCompile>
    <ClCompile Include="Src\Game2\ImGuiWrapper.cpp">
      <Filter>ImGuiWrapper</Filter>
    </ClCompile>
    <ClCompile Include="Src\Game2\imgui_impl_opengl3.cpp">
      <Filter>ImGuiWrapper</Filter>
    </ClCompile>
    <ClCompile Include="Src\Game2\SystemsManager.cpp">
      <Filter>Base\Engine\System</Filter>
    </ClCompile>
    <ClCompile Include="Src\Game2\Core.cpp">
      <Filter>Base\Core</Filter>
    </ClCompile>
    <ClCompile Include="Src\Game2\TestSystem.cpp">
      <Filter>Base\Engine\System</Filter>
    </ClCompile>
    <ClCompile Include="Src\Game2\LogFileWriter.cpp">
      <Filter>Base\Log</Filter>
    </ClCompile>
  </ItemGroup>
</Project>